{
  "name": "miniprogram",
  "lockfileVersion": 3,
  "requires": true,
  "packages": {
    "": {
      "dependencies": {
        "dayjs": "^1.11.13",
        "lodash": "^4.17.21",
        "tdesign-miniprogram": "^1.8.5"
      },
      "devDependencies": {
        "@types/lodash": "^4.17.13"
      }
    },
    "node_modules/@types/lodash": {
      "version": "4.17.13",
      "resolved": "https://mirrors.tencent.com/npm/@types/lodash/-/lodash-4.17.13.tgz",
      "integrity": "sha512-lfx+dftrEZcdBPczf9d0Qv0x+j/rfNCMuC6OcfXmO8gkfeNAY88PgKUbvG56whcN23gc27yenwF6oJZXGFpYxg==",
      "dev": true
    },
    "node_modules/dayjs": {
      "version": "1.11.13",
      "resolved": "https://mirrors.tencent.com/npm/dayjs/-/dayjs-1.11.13.tgz",
      "integrity": "sha512-oaMBel6gjolK862uaPQOVTA7q3TZhuSvuMQAAglQDOWYO9A91IrAOUJEyKVlqJlHE0vq5p5UXxzdPfMH/x6xNg=="
    },
    "node_modules/lodash": {
      "version": "4.17.21",
      "resolved": "https://mirrors.tencent.com/npm/lodash/-/lodash-4.17.21.tgz",
      "integrity": "sha512-v2kDEe57lecTulaDIuNTPy3Ry4gLGJ6Z1O3vE1krgXZNrsQ+LFTGHVxVjcXPs17LhbZVGedAJv8XZ1tvj5FvSg=="
    },
    "node_modules/tdesign-miniprogram": {
      "version": "1.8.5",
      "resolved": "https://mirrors.tencent.com/npm/tdesign-miniprogram/-/tdesign-miniprogram-1.8.5.tgz",
      "integrity": "sha512-3nxi1qFLrsUEKeGP7QiuyrsVCivaleFcb0B7OC+t0UON6CuwsHFaItK/S6DPNwj9sQAfYpvSYF02SeVd64qg/w==",
      "dependencies": {
        "dayjs": "^1.10.7",
        "tinycolor2": "^1.4.2"
      }
    },
    "node_modules/tinycolor2": {
      "version": "1.6.0",
      "resolved": "https://mirrors.tencent.com/npm/tinycolor2/-/tinycolor2-1.6.0.tgz",
      "integrity": "sha512-XPaBkWQJdsf3pLKJV9p4qN/S+fm2Oj8AIPo1BTUhg5oxkvm9+SVEGFdhyOz7tTdUTfvxMiAs4sp6/eZO2Ew+pw=="
    }
  }
}
