{
  "name": "miniprogram",
  "lockfileVersion": 3,
  "requires": true,
  "packages": {
    "": {
      "dependencies": {
        "dayjs": "^1.11.13",
        "lodash": "^4.17.21",
        "tdesign-miniprogram": "^1.8.5"
      },
      "devDependencies": {
        "@babel/parser": "^7.24.0",
        "@types/lodash": "^4.17.13",
        "miniprogram-api-typings": "^4.0.5",
        "prettier": "^2.8.8",
        "prettier-plugin-wxml": "^3.0.0"
      }
    },
    "node_modules/@babel/helper-string-parser": {
      "version": "7.25.9",
      "resolved": "https://mirrors.tencent.com/npm/@babel/helper-string-parser/-/helper-string-parser-7.25.9.tgz",
      "integrity": "sha512-4A/SCr/2KLd5jrtOMFzaKjVtAei3+2r/NChoBNoZ3EyP/+GlhoaEGoWOZUmFmoITP7zOJyHIMm+DYRd8o3PvHA==",
      "dev": true,
      "engines": {
        "node": ">=6.9.0"
      }
    },
    "node_modules/@babel/helper-validator-identifier": {
      "version": "7.25.9",
      "resolved": "https://mirrors.tencent.com/npm/@babel/helper-validator-identifier/-/helper-validator-identifier-7.25.9.tgz",
      "integrity": "sha512-Ed61U6XJc3CVRfkERJWDz4dJwKe7iLmmJsbOGu9wSloNSFttHV0I8g6UAgb7qnK5ly5bGLPd4oXZlxCdANBOWQ==",
      "dev": true,
      "engines": {
        "node": ">=6.9.0"
      }
    },
    "node_modules/@babel/parser": {
      "version": "7.26.9",
      "resolved": "https://mirrors.tencent.com/npm/@babel/parser/-/parser-7.26.9.tgz",
      "integrity": "sha512-81NWa1njQblgZbQHxWHpxxCzNsa3ZwvFqpUg7P+NNUU6f3UU2jBEg4OlF/J6rl8+PQGh1q6/zWScd001YwcA5A==",
      "dev": true,
      "dependencies": {
        "@babel/types": "^7.26.9"
      },
      "bin": {
        "parser": "bin/babel-parser.js"
      },
      "engines": {
        "node": ">=6.0.0"
      }
    },
    "node_modules/@babel/types": {
      "version": "7.26.9",
      "resolved": "https://mirrors.tencent.com/npm/@babel/types/-/types-7.26.9.tgz",
      "integrity": "sha512-Y3IR1cRnOxOCDvMmNiym7XpXQ93iGDDPHx+Zj+NM+rg0fBaShfQLkg+hKPaZCEvg5N/LeCo4+Rj/i3FuJsIQaw==",
      "dev": true,
      "dependencies": {
        "@babel/helper-string-parser": "^7.25.9",
        "@babel/helper-validator-identifier": "^7.25.9"
      },
      "engines": {
        "node": ">=6.9.0"
      }
    },
    "node_modules/@types/lodash": {
      "version": "4.17.13",
      "resolved": "https://mirrors.tencent.com/npm/@types/lodash/-/lodash-4.17.13.tgz",
      "integrity": "sha512-lfx+dftrEZcdBPczf9d0Qv0x+j/rfNCMuC6OcfXmO8gkfeNAY88PgKUbvG56whcN23gc27yenwF6oJZXGFpYxg==",
      "dev": true
    },
    "node_modules/angular-html-parser": {
      "version": "1.8.0",
      "resolved": "https://mirrors.tencent.com/npm/angular-html-parser/-/angular-html-parser-1.8.0.tgz",
      "integrity": "sha512-n5ZowjJJs1OPG3DHDSyUXZvscQzy7uQG227ncL1NzbJEPzfb2XtBZ9qT0PW7cbD7MViho3ijawXoRLCM0ih1rw==",
      "dev": true,
      "dependencies": {
        "tslib": "^1.9.3"
      },
      "engines": {
        "node": ">= 6"
      }
    },
    "node_modules/babel": {
      "version": "6.23.0",
      "resolved": "https://mirrors.tencent.com/npm/babel/-/babel-6.23.0.tgz",
      "integrity": "sha512-ZDcCaI8Vlct8PJ3DvmyqUz+5X2Ylz3ZuuItBe/74yXosk2dwyVo/aN7MCJ8HJzhnnJ+6yP4o+lDgG9MBe91DLA==",
      "deprecated": "In 6.x, the babel package has been deprecated in favor of babel-cli. Check https://opencollective.com/babel to support the Babel maintainers",
      "dev": true,
      "bin": {
        "babel": "lib/cli.js",
        "babel-external-helpers": "lib/cli.js",
        "babel-node": "lib/cli.js"
      }
    },
    "node_modules/dayjs": {
      "version": "1.11.13",
      "resolved": "https://mirrors.tencent.com/npm/dayjs/-/dayjs-1.11.13.tgz",
      "integrity": "sha512-oaMBel6gjolK862uaPQOVTA7q3TZhuSvuMQAAglQDOWYO9A91IrAOUJEyKVlqJlHE0vq5p5UXxzdPfMH/x6xNg=="
    },
    "node_modules/dom-serializer": {
      "version": "1.4.1",
      "resolved": "https://mirrors.tencent.com/npm/dom-serializer/-/dom-serializer-1.4.1.tgz",
      "integrity": "sha512-VHwB3KfrcOOkelEG2ZOfxqLZdfkil8PtJi4P8N2MMXucZq2yLp75ClViUlOVwyoHEDjYU433Aq+5zWP61+RGag==",
      "dev": true,
      "dependencies": {
        "domelementtype": "^2.0.1",
        "domhandler": "^4.2.0",
        "entities": "^2.0.0"
      },
      "funding": {
        "url": "https://github.com/cheeriojs/dom-serializer?sponsor=1"
      }
    },
    "node_modules/domelementtype": {
      "version": "2.3.0",
      "resolved": "https://mirrors.tencent.com/npm/domelementtype/-/domelementtype-2.3.0.tgz",
      "integrity": "sha512-OLETBj6w0OsagBwdXnPdN0cnMfF9opN69co+7ZrbfPGrdpPVNBUj02spi6B1N7wChLQiPn4CSH/zJvXw56gmHw==",
      "dev": true,
      "funding": [
        {
          "type": "github",
          "url": "https://github.com/sponsors/fb55"
        }
      ]
    },
    "node_modules/domhandler": {
      "version": "4.3.1",
      "resolved": "https://mirrors.tencent.com/npm/domhandler/-/domhandler-4.3.1.tgz",
      "integrity": "sha512-GrwoxYN+uWlzO8uhUXRl0P+kHE4GtVPfYzVLcUxPL7KNdHKj66vvlhiweIHqYYXWlw+T8iLMp42Lm67ghw4WMQ==",
      "dev": true,
      "dependencies": {
        "domelementtype": "^2.2.0"
      },
      "engines": {
        "node": ">= 4"
      },
      "funding": {
        "url": "https://github.com/fb55/domhandler?sponsor=1"
      }
    },
    "node_modules/domutils": {
      "version": "2.8.0",
      "resolved": "https://mirrors.tencent.com/npm/domutils/-/domutils-2.8.0.tgz",
      "integrity": "sha512-w96Cjofp72M5IIhpjgobBimYEfoPjx1Vx0BSX9P30WBdZW2WIKU0T1Bd0kz2eNZ9ikjKgHbEyKx8BB6H1L3h3A==",
      "dev": true,
      "dependencies": {
        "dom-serializer": "^1.0.1",
        "domelementtype": "^2.2.0",
        "domhandler": "^4.2.0"
      },
      "funding": {
        "url": "https://github.com/fb55/domutils?sponsor=1"
      }
    },
    "node_modules/entities": {
      "version": "2.2.0",
      "resolved": "https://mirrors.tencent.com/npm/entities/-/entities-2.2.0.tgz",
      "integrity": "sha512-p92if5Nz619I0w+akJrLZH0MX0Pb5DX39XOwQTtXSdQQOaYH03S1uIQp4mhOZtAXrxq4ViO67YTiLBo2638o9A==",
      "dev": true,
      "funding": {
        "url": "https://github.com/fb55/entities?sponsor=1"
      }
    },
    "node_modules/fs": {
      "version": "0.0.1-security",
      "resolved": "https://mirrors.tencent.com/npm/fs/-/fs-0.0.1-security.tgz",
      "integrity": "sha512-3XY9e1pP0CVEUCdj5BmfIZxRBTSDycnbqhIOGec9QYtmVH2fbLpj86CFWkrNOkt/Fvty4KZG5lTglL9j/gJ87w==",
      "dev": true
    },
    "node_modules/html-styles": {
      "version": "1.0.0",
      "resolved": "https://mirrors.tencent.com/npm/html-styles/-/html-styles-1.0.0.tgz",
      "integrity": "sha512-cDl5dcj73oI4Hy0DSUNh54CAwslNLJRCCoO+RNkVo+sBrjA/0+7E/xzvj3zH/GxbbBLGJhE0hBe1eg+0FINC6w==",
      "dev": true
    },
    "node_modules/htmlparser2": {
      "version": "6.1.0",
      "resolved": "https://mirrors.tencent.com/npm/htmlparser2/-/htmlparser2-6.1.0.tgz",
      "integrity": "sha512-gyyPk6rgonLFEDGoeRgQNaEUvdJ4ktTmmUh/h2t7s+M8oPpIPxgNACWa+6ESR57kXstwqPiCut0V8NRpcwgU7A==",
      "dev": true,
      "funding": [
        "https://github.com/fb55/htmlparser2?sponsor=1",
        {
          "type": "github",
          "url": "https://github.com/sponsors/fb55"
        }
      ],
      "dependencies": {
        "domelementtype": "^2.0.1",
        "domhandler": "^4.0.0",
        "domutils": "^2.5.2",
        "entities": "^2.0.0"
      }
    },
    "node_modules/husky": {
      "version": "5.2.0",
      "resolved": "https://mirrors.tencent.com/npm/husky/-/husky-5.2.0.tgz",
      "integrity": "sha512-AM8T/auHXRBxlrfPVLKP6jt49GCM2Zz47m8G3FOMsLmTv8Dj/fKVWE0Rh2d4Qrvmy131xEsdQnb3OXRib67PGg==",
      "dev": true,
      "funding": [
        {
          "type": "github",
          "url": "https://github.com/sponsors/typicode"
        },
        {
          "type": "opencollective",
          "url": "https://opencollective.com/husky"
        }
      ],
      "bin": {
        "husky": "lib/bin.js"
      },
      "engines": {
        "node": ">= 10"
      }
    },
    "node_modules/lodash": {
      "version": "4.17.21",
      "resolved": "https://mirrors.tencent.com/npm/lodash/-/lodash-4.17.21.tgz",
      "integrity": "sha512-v2kDEe57lecTulaDIuNTPy3Ry4gLGJ6Z1O3vE1krgXZNrsQ+LFTGHVxVjcXPs17LhbZVGedAJv8XZ1tvj5FvSg=="
    },
    "node_modules/miniprogram-api-typings": {
      "version": "4.0.5",
      "resolved": "https://mirrors.tencent.com/npm/miniprogram-api-typings/-/miniprogram-api-typings-4.0.5.tgz",
      "integrity": "sha512-34pYYg4pwjsE752x/zs7QYLL0x0UGBL/IxTuVRRIXbFcv1msDRCWGyZK5KpsDm2P78Fdaw+B80B8R1qbvX6YhQ==",
      "dev": true
    },
    "node_modules/parse-srcset": {
      "version": "1.0.2",
      "resolved": "https://mirrors.tencent.com/npm/parse-srcset/-/parse-srcset-1.0.2.tgz",
      "integrity": "sha512-/2qh0lav6CmI15FzA3i/2Bzk2zCgQhGMkvhOhKNcBVQ1ldgpbfiNTVslmooUmWJcADi1f1kIeynbDRVzNlfR6Q==",
      "dev": true
    },
    "node_modules/prettier": {
      "version": "2.8.8",
      "resolved": "https://mirrors.tencent.com/npm/prettier/-/prettier-2.8.8.tgz",
      "integrity": "sha512-tdN8qQGvNjw4CHbY+XXk0JgCXn9QiF21a55rBe5LJAU+kDyC4WQn4+awm2Xfk2lQMk5fKup9XgzTZtGkjBdP9Q==",
      "dev": true,
      "bin": {
        "prettier": "bin-prettier.js"
      },
      "engines": {
        "node": ">=10.13.0"
      },
      "funding": {
        "url": "https://github.com/prettier/prettier?sponsor=1"
      }
    },
    "node_modules/prettier-plugin-wxml": {
      "version": "3.0.0",
      "resolved": "https://mirrors.tencent.com/npm/prettier-plugin-wxml/-/prettier-plugin-wxml-3.0.0.tgz",
      "integrity": "sha512-cx5chuZ6OxeIvbbYT4ZSQ8ZW6DvBWpNcVErfcVNQN05Un0XSKMPqRJBuIIfQHUpkgoTFTLwVZChTw8dy+tB5CQ==",
      "dev": true,
      "dependencies": {
        "angular-html-parser": "^1.8.0",
        "babel": "^6.23.0",
        "fs": "0.0.1-security",
        "html-styles": "^1.0.0",
        "htmlparser2": "^6.1.0",
        "husky": "^5.0.8",
        "parse-srcset": "^1.0.2",
        "prettier": "^2.3.2",
        "wxml": "^2.2.2",
        "wxml-parser": "0.0.3"
      }
    },
    "node_modules/tdesign-miniprogram": {
      "version": "1.8.5",
      "resolved": "https://mirrors.tencent.com/npm/tdesign-miniprogram/-/tdesign-miniprogram-1.8.5.tgz",
      "integrity": "sha512-3nxi1qFLrsUEKeGP7QiuyrsVCivaleFcb0B7OC+t0UON6CuwsHFaItK/S6DPNwj9sQAfYpvSYF02SeVd64qg/w==",
      "dependencies": {
        "dayjs": "^1.10.7",
        "tinycolor2": "^1.4.2"
      }
    },
    "node_modules/tinycolor2": {
      "version": "1.6.0",
      "resolved": "https://mirrors.tencent.com/npm/tinycolor2/-/tinycolor2-1.6.0.tgz",
      "integrity": "sha512-XPaBkWQJdsf3pLKJV9p4qN/S+fm2Oj8AIPo1BTUhg5oxkvm9+SVEGFdhyOz7tTdUTfvxMiAs4sp6/eZO2Ew+pw=="
    },
    "node_modules/tslib": {
      "version": "1.14.1",
      "resolved": "https://mirrors.tencent.com/npm/tslib/-/tslib-1.14.1.tgz",
      "integrity": "sha512-Xni35NKzjgMrwevysHTCArtLDpPvye8zV/0E4EyYn43P7/7qvQwPh9BGkHewbMulVntbigmcT7rdX3BNo9wRJg==",
      "dev": true
    },
    "node_modules/wxml": {
      "version": "2.2.2",
      "resolved": "https://mirrors.tencent.com/npm/wxml/-/wxml-2.2.2.tgz",
      "integrity": "sha512-QHw0uB6AdyfDgLLojSqeyxA3RTb0uo9AeJ+H0FnIlQDyC8VUAWyZRL2YhCTEdrXcr2tYDfflmZo6FtVj1RJRsQ==",
      "dev": true
    },
    "node_modules/wxml-parser": {
      "version": "0.0.3",
      "resolved": "https://mirrors.tencent.com/npm/wxml-parser/-/wxml-parser-0.0.3.tgz",
      "integrity": "sha512-j7UQ4EHcHKv/YKdgv8wFZyhhaFA9PM8X+xV28ZjOkZPe86WZRnXEtl+pUFuuMKfxrkzX3eZeHLq8CPnJHdnbHA==",
      "dev": true
    }
  }
}
