lockfileVersion: '9.0'

settings:
  autoInstallPeers: true
  excludeLinksFromLockfile: false

importers:

  .:
    dependencies:
      dayjs:
        specifier: ^1.11.13
        version: 1.11.13
      lodash:
        specifier: ^4.17.21
        version: 4.17.21
      tdesign-miniprogram:
        specifier: ^1.8.5
        version: 1.8.6
    devDependencies:
      '@types/lodash':
        specifier: ^4.17.13
        version: 4.17.16

packages:

  '@types/lodash@4.17.16':
    resolution: {integrity: sha512-HX7Em5NYQAXKW+1T+FiuG27NGwzJfCX3s1GjOa7ujxZa52kjJLOr4FUxT+giF6Tgxv1e+/czV/iTtBw27WTU9g==}

  dayjs@1.11.13:
    resolution: {integrity: sha512-oaMBel6gjolK862uaPQOVTA7q3TZhuSvuMQAAglQDOWYO9A91IrAOUJEyKVlqJlHE0vq5p5UXxzdPfMH/x6xNg==}

  lodash@4.17.21:
    resolution: {integrity: sha512-v2kDEe57lecTulaDIuNTPy3Ry4gLGJ6Z1O3vE1krgXZNrsQ+LFTGHVxVjcXPs17LhbZVGedAJv8XZ1tvj5FvSg==}

  tdesign-miniprogram@1.8.6:
    resolution: {integrity: sha512-FbV6/1Evfc5qoy7NQPuLwsrnAGytAAbKkPN/eaA02Qe5YxBgsJlYM7oXI5rSiinjjOC6T/wbGTFurEH/ASd+dQ==}

  tinycolor2@1.6.0:
    resolution: {integrity: sha512-XPaBkWQJdsf3pLKJV9p4qN/S+fm2Oj8AIPo1BTUhg5oxkvm9+SVEGFdhyOz7tTdUTfvxMiAs4sp6/eZO2Ew+pw==}

snapshots:

  '@types/lodash@4.17.16': {}

  dayjs@1.11.13: {}

  lodash@4.17.21: {}

  tdesign-miniprogram@1.8.6:
    dependencies:
      dayjs: 1.11.13
      tinycolor2: 1.6.0

  tinycolor2@1.6.0: {}
